
Microsoft Visual Studio Solution File, Format Version 12.00
# Visual Studio Version 16
VisualStudioVersion = 16.0.30413.136
MinimumVisualStudioVersion = 10.0.40219.1
Project("{FAE04EC0-301F-11D3-BF4B-00C04F79EFBC}") = "WebAPI_NFK_SQMS", "WebAPI_NFK_SQMS\WebAPI_NFK_SQMS.csproj", "{195346C3-656F-4251-ACED-F7400783A009}"
EndProject
Project("{FAE04EC0-301F-11D3-BF4B-00C04F79EFBC}") = "DataAccessLayer", "DataAccessLayer\DataAccessLayer.csproj", "{B00C98C0-D7BE-42C8-809C-65B25D24AE10}"
EndProject
Global
	GlobalSection(SolutionConfigurationPlatforms) = preSolution
		Debug|Any CPU = Debug|Any CPU
		Release|Any CPU = Release|Any CPU
	EndGlobalSection
	GlobalSection(ProjectConfigurationPlatforms) = postSolution
		{195346C3-656F-4251-ACED-F7400783A009}.Debug|Any CPU.ActiveCfg = Debug|Any CPU
		{195346C3-656F-4251-ACED-F7400783A009}.Debug|Any CPU.Build.0 = Debug|Any CPU
		{195346C3-656F-4251-ACED-F7400783A009}.Release|Any CPU.ActiveCfg = Release|Any CPU
		{195346C3-656F-4251-ACED-F7400783A009}.Release|Any CPU.Build.0 = Release|Any CPU
		{B00C98C0-D7BE-42C8-809C-65B25D24AE10}.Debug|Any CPU.ActiveCfg = Debug|Any CPU
		{B00C98C0-D7BE-42C8-809C-65B25D24AE10}.Debug|Any CPU.Build.0 = Debug|Any CPU
		{B00C98C0-D7BE-42C8-809C-65B25D24AE10}.Release|Any CPU.ActiveCfg = Release|Any CPU
		{B00C98C0-D7BE-42C8-809C-65B25D24AE10}.Release|Any CPU.Build.0 = Release|Any CPU
	EndGlobalSection
	GlobalSection(SolutionProperties) = preSolution
		HideSolutionNode = FALSE
	EndGlobalSection
	GlobalSection(ExtensibilityGlobals) = postSolution
		SolutionGuid = {8DFA172F-DBC3-4FD1-A85D-D9C7CB7897B5}
	EndGlobalSection
EndGlobal
